
Microsoft Visual Studio Solution File, Format Version 12.00
# Visual Studio Version 16
VisualStudioVersion = 16.0.33920.266
MinimumVisualStudioVersion = 10.0.40219.1
Project("{FAE04EC0-301F-11D3-BF4B-00C04F79EFBC}") = "MVCProjeKampi", "MVCProjeKampi.csproj", "{A23793B2-0FFA-462F-91DC-564454F04E87}"
EndProject
Project("{FAE04EC0-301F-11D3-BF4B-00C04F79EFBC}") = "DataAccessLayer", "..\DataAccessLayer\DataAccessLayer.csproj", "{C59383D4-9268-43B4-9C89-3D1E86B5336F}"
EndProject
Project("{FAE04EC0-301F-11D3-BF4B-00C04F79EFBC}") = "EntityLayer", "..\EntityLayer\EntityLayer.csproj", "{B5108E7F-506B-4974-B498-63442BBBF1BF}"
EndProject
Project("{FAE04EC0-301F-11D3-BF4B-00C04F79EFBC}") = "BusinessLayer", "..\BusinessLayer\BusinessLayer.csproj", "{DA192321-049B-4A8C-A55F-BB6857A24D0C}"
EndProject
Global
	GlobalSection(SolutionConfigurationPlatforms) = preSolution
		Debug|Any CPU = Debug|Any CPU
		Release|Any CPU = Release|Any CPU
	EndGlobalSection
	GlobalSection(ProjectConfigurationPlatforms) = postSolution
		{A23793B2-0FFA-462F-91DC-564454F04E87}.Debug|Any CPU.ActiveCfg = Debug|Any CPU
		{A23793B2-0FFA-462F-91DC-564454F04E87}.Debug|Any CPU.Build.0 = Debug|Any CPU
		{A23793B2-0FFA-462F-91DC-564454F04E87}.Release|Any CPU.ActiveCfg = Release|Any CPU
		{A23793B2-0FFA-462F-91DC-564454F04E87}.Release|Any CPU.Build.0 = Release|Any CPU
		{C59383D4-9268-43B4-9C89-3D1E86B5336F}.Debug|Any CPU.ActiveCfg = Debug|Any CPU
		{C59383D4-9268-43B4-9C89-3D1E86B5336F}.Debug|Any CPU.Build.0 = Debug|Any CPU
		{C59383D4-9268-43B4-9C89-3D1E86B5336F}.Release|Any CPU.ActiveCfg = Release|Any CPU
		{C59383D4-9268-43B4-9C89-3D1E86B5336F}.Release|Any CPU.Build.0 = Release|Any CPU
		{B5108E7F-506B-4974-B498-63442BBBF1BF}.Debug|Any CPU.ActiveCfg = Debug|Any CPU
		{B5108E7F-506B-4974-B498-63442BBBF1BF}.Debug|Any CPU.Build.0 = Debug|Any CPU
		{B5108E7F-506B-4974-B498-63442BBBF1BF}.Release|Any CPU.ActiveCfg = Release|Any CPU
		{B5108E7F-506B-4974-B498-63442BBBF1BF}.Release|Any CPU.Build.0 = Release|Any CPU
		{DA192321-049B-4A8C-A55F-BB6857A24D0C}.Debug|Any CPU.ActiveCfg = Debug|Any CPU
		{DA192321-049B-4A8C-A55F-BB6857A24D0C}.Debug|Any CPU.Build.0 = Debug|Any CPU
		{DA192321-049B-4A8C-A55F-BB6857A24D0C}.Release|Any CPU.ActiveCfg = Release|Any CPU
		{DA192321-049B-4A8C-A55F-BB6857A24D0C}.Release|Any CPU.Build.0 = Release|Any CPU
	EndGlobalSection
	GlobalSection(SolutionProperties) = preSolution
		HideSolutionNode = FALSE
	EndGlobalSection
	GlobalSection(ExtensibilityGlobals) = postSolution
		SolutionGuid = {023A6AB0-7C81-48A5-B5FE-343D60677F9C}
	EndGlobalSection
EndGlobal
