
Microsoft Visual Studio Solution File, Format Version 12.00
# Visual Studio Version 16
VisualStudioVersion = 16.0.33920.266
MinimumVisualStudioVersion = 10.0.40219.1
Project("{FAE04EC0-301F-11D3-BF4B-00C04F79EFBC}") = "MvcStok", "MvcStok.csproj", "{EAD0846C-F611-4395-9F8C-7483F5B54D4A}"
EndProject
Global
	GlobalSection(SolutionConfigurationPlatforms) = preSolution
		Debug|Any CPU = Debug|Any CPU
		Release|Any CPU = Release|Any CPU
	EndGlobalSection
	GlobalSection(ProjectConfigurationPlatforms) = postSolution
		{EAD0846C-F611-4395-9F8C-7483F5B54D4A}.Debug|Any CPU.ActiveCfg = Debug|Any CPU
		{EAD0846C-F611-4395-9F8C-7483F5B54D4A}.Debug|Any CPU.Build.0 = Debug|Any CPU
		{EAD0846C-F611-4395-9F8C-7483F5B54D4A}.Release|Any CPU.ActiveCfg = Release|Any CPU
		{EAD0846C-F611-4395-9F8C-7483F5B54D4A}.Release|Any CPU.Build.0 = Release|Any CPU
	EndGlobalSection
	GlobalSection(SolutionProperties) = preSolution
		HideSolutionNode = FALSE
	EndGlobalSection
	GlobalSection(ExtensibilityGlobals) = postSolution
		SolutionGuid = {AE5BCA89-5EE5-4B28-85E5-CB9AAEA94A4C}
	EndGlobalSection
EndGlobal
